
Microsoft Visual Studio Solution File, Format Version 12.00
# Visual Studio Version 17
VisualStudioVersion = 17.6.33815.320
MinimumVisualStudioVersion = 10.0.40219.1
Project("{FAE04EC0-301F-11D3-BF4B-00C04F79EFBC}") = "ElasticSearchWithDotNet", "ElasticSearchWithDotNet\ElasticSearchWithDotNet.csproj", "{CF92F8CC-9326-4915-AC85-6EAE246F3665}"
EndProject
Global
	GlobalSection(SolutionConfigurationPlatforms) = preSolution
		Debug|Any CPU = Debug|Any CPU
		Release|Any CPU = Release|Any CPU
	EndGlobalSection
	GlobalSection(ProjectConfigurationPlatforms) = postSolution
		{CF92F8CC-9326-4915-AC85-6EAE246F3665}.Debug|Any CPU.ActiveCfg = Debug|Any CPU
		{CF92F8CC-9326-4915-AC85-6EAE246F3665}.Debug|Any CPU.Build.0 = Debug|Any CPU
		{CF92F8CC-9326-4915-AC85-6EAE246F3665}.Release|Any CPU.ActiveCfg = Release|Any CPU
		{CF92F8CC-9326-4915-AC85-6EAE246F3665}.Release|Any CPU.Build.0 = Release|Any CPU
	EndGlobalSection
	GlobalSection(SolutionProperties) = preSolution
		HideSolutionNode = FALSE
	EndGlobalSection
	GlobalSection(ExtensibilityGlobals) = postSolution
		SolutionGuid = {E04992AE-3D72-419B-B8AB-C5B46BACAA09}
	EndGlobalSection
EndGlobal
